{
  "nodes": {
    "flakeNimbleLib": {
      "inputs": {
        "nixpkgs": [
          "nixpkgs"
        ]
      },
      "locked": {
        "lastModified": 1662018438,
        "narHash": "sha256-QtNtU6+LX3Wokxf0zlFwKTFOcn6TeDjKQZ+DA9OYtvM=",
        "owner": "riinr",
        "repo": "nim-flakes-lib",
        "rev": "b1fe8340736e3a85d25c709ac3dfd82a55c03cbf",
        "type": "github"
      },
      "original": {
        "owner": "riinr",
        "ref": "master",
        "repo": "nim-flakes-lib",
        "type": "github"
      }
    },
    "nixpkgs": {
      "locked": {
        "lastModified": 1667110639,
        "narHash": "sha256-4FbPESZ5LbqQxkJJJBAfk/zKgF9h/4kyUwjjpJwYlbc=",
        "owner": "NixOS",
        "repo": "nixpkgs",
        "rev": "f38a1f04d1bec1feb61fd101a0539ae2002a7087",
        "type": "github"
      },
      "original": {
        "id": "nixpkgs",
        "type": "indirect"
      }
    },
    "root": {
      "inputs": {
        "flakeNimbleLib": "flakeNimbleLib",
        "nixpkgs": "nixpkgs",
        "tm_client-main": "tm_client-main"
      }
    },
    "src-tm_client-main": {
      "flake": false,
      "locked": {
        "lastModified": 1631848072,
        "narHash": "sha256-ekVdXnJTEz8W8qy0/22HIP64XkHDc/AjSFZ/VlWw7A0=",
        "owner": "termermc",
        "repo": "nim-tm-client",
        "rev": "83f0bd0e59c7d4beca0be94d4654592c9b8159e0",
        "type": "github"
      },
      "original": {
        "owner": "termermc",
        "ref": "refs/heads/main",
        "repo": "nim-tm-client",
        "type": "github"
      }
    },
    "tm_client-main": {
      "inputs": {
        "flakeNimbleLib": [
          "flakeNimbleLib"
        ],
        "nixpkgs": [
          "nixpkgs"
        ],
        "src-tm_client-main": "src-tm_client-main"
      },
      "locked": {
        "dir": "main",
        "lastModified": 1662254894,
        "narHash": "sha256-2gsLdD61yxPxw5YzrKSpZhNhINY8viAAW0sVoWHiWCA=",
        "owner": "nim-nix-pkgs",
        "repo": "tm_client",
        "rev": "acb9f8441a0c3d851532991e104b8c53cd5e6bf4",
        "type": "github"
      },
      "original": {
        "dir": "main",
        "owner": "nim-nix-pkgs",
        "ref": "master",
        "repo": "tm_client",
        "type": "github"
      }
    }
  },
  "root": "root",
  "version": 7
}
